
Microsoft Visual Studio Solution File, Format Version 12.00
# Visual Studio Version 17
VisualStudioVersion = 17.10.35013.160
MinimumVisualStudioVersion = 10.0.40219.1
Project("{FAE04EC0-301F-11D3-BF4B-00C04F79EFBC}") = "ADO.NET_Project2", "ADO.NET_Project2\ADO.NET_Project2.csproj", "{43285CA0-1A6E-4E3D-B591-07A80EF6A136}"
EndProject
Global
	GlobalSection(SolutionConfigurationPlatforms) = preSolution
		Debug|Any CPU = Debug|Any CPU
		Release|Any CPU = Release|Any CPU
	EndGlobalSection
	GlobalSection(ProjectConfigurationPlatforms) = postSolution
		{43285CA0-1A6E-4E3D-B591-07A80EF6A136}.Debug|Any CPU.ActiveCfg = Debug|Any CPU
		{43285CA0-1A6E-4E3D-B591-07A80EF6A136}.Debug|Any CPU.Build.0 = Debug|Any CPU
		{43285CA0-1A6E-4E3D-B591-07A80EF6A136}.Release|Any CPU.ActiveCfg = Release|Any CPU
		{43285CA0-1A6E-4E3D-B591-07A80EF6A136}.Release|Any CPU.Build.0 = Release|Any CPU
	EndGlobalSection
	GlobalSection(SolutionProperties) = preSolution
		HideSolutionNode = FALSE
	EndGlobalSection
	GlobalSection(ExtensibilityGlobals) = postSolution
		SolutionGuid = {53A5343A-5060-48D0-8B64-9DC7C1C249E3}
	EndGlobalSection
EndGlobal
